
Microsoft Visual Studio Solution File, Format Version 12.00
# Visual Studio 15
VisualStudioVersion = 15.0.27130.2024
MinimumVisualStudioVersion = 10.0.40219.1
Project("{FAE04EC0-301F-11D3-BF4B-00C04F79EFBC}") = "TestConfigProject", "TestConfigProject.csproj", "{C3779AEC-1544-4151-B5C0-6BED4D093317}"
EndProject
Global
	GlobalSection(SolutionConfigurationPlatforms) = preSolution
		Debug|Any CPU = Debug|Any CPU
		Debug|x64 = Debug|x64
		Release|Any CPU = Release|Any CPU
		Release|x64 = Release|x64
	EndGlobalSection
	GlobalSection(ProjectConfigurationPlatforms) = postSolution
		{C3779AEC-1544-4151-B5C0-6BED4D093317}.Debug|Any CPU.ActiveCfg = Debug|Any CPU
		{C3779AEC-1544-4151-B5C0-6BED4D093317}.Debug|Any CPU.Build.0 = Debug|Any CPU
		{C3779AEC-1544-4151-B5C0-6BED4D093317}.Debug|x64.ActiveCfg = Debug|x64
		{C3779AEC-1544-4151-B5C0-6BED4D093317}.Debug|x64.Build.0 = Debug|x64
		{C3779AEC-1544-4151-B5C0-6BED4D093317}.Release|Any CPU.ActiveCfg = Release|Any CPU
		{C3779AEC-1544-4151-B5C0-6BED4D093317}.Release|Any CPU.Build.0 = Release|Any CPU
		{C3779AEC-1544-4151-B5C0-6BED4D093317}.Release|x64.ActiveCfg = Release|x64
		{C3779AEC-1544-4151-B5C0-6BED4D093317}.Release|x64.Build.0 = Release|x64
	EndGlobalSection
	GlobalSection(SolutionProperties) = preSolution
		HideSolutionNode = FALSE
	EndGlobalSection
	GlobalSection(ExtensibilityGlobals) = postSolution
		SolutionGuid = {0F99CF29-5636-4FCA-A6E0-DEBACFC66D31}
	EndGlobalSection
EndGlobal
